
Microsoft Visual Studio Solution File, Format Version 12.00
# Visual Studio Version 16
VisualStudioVersion = 16.0.29806.167
MinimumVisualStudioVersion = 10.0.40219.1
Project("{8BC9CEB8-8B4A-11D0-8D11-00A0C91BC942}") = "НОД НОК", "НОД НОК.vcxproj", "{4206599A-A377-4D2E-BB69-B35C151CA865}"
EndProject
Global
	GlobalSection(SolutionConfigurationPlatforms) = preSolution
		Debug|x64 = Debug|x64
		Debug|x86 = Debug|x86
		Release|x64 = Release|x64
		Release|x86 = Release|x86
	EndGlobalSection
	GlobalSection(ProjectConfigurationPlatforms) = postSolution
		{4206599A-A377-4D2E-BB69-B35C151CA865}.Debug|x64.ActiveCfg = Debug|x64
		{4206599A-A377-4D2E-BB69-B35C151CA865}.Debug|x64.Build.0 = Debug|x64
		{4206599A-A377-4D2E-BB69-B35C151CA865}.Debug|x86.ActiveCfg = Debug|Win32
		{4206599A-A377-4D2E-BB69-B35C151CA865}.Debug|x86.Build.0 = Debug|Win32
		{4206599A-A377-4D2E-BB69-B35C151CA865}.Release|x64.ActiveCfg = Release|x64
		{4206599A-A377-4D2E-BB69-B35C151CA865}.Release|x64.Build.0 = Release|x64
		{4206599A-A377-4D2E-BB69-B35C151CA865}.Release|x86.ActiveCfg = Release|Win32
		{4206599A-A377-4D2E-BB69-B35C151CA865}.Release|x86.Build.0 = Release|Win32
	EndGlobalSection
	GlobalSection(SolutionProperties) = preSolution
		HideSolutionNode = FALSE
	EndGlobalSection
	GlobalSection(ExtensibilityGlobals) = postSolution
		SolutionGuid = {DDB9D19B-4308-4CB3-A48E-BACFB7E3DFE4}
	EndGlobalSection
EndGlobal
